{
    "_meta": {
        "hash": {
            "sha256": "53063d13e264d71c3eba43574b52afe6425f0e02de687962855e52baf4095824"
        },
        "pipfile-spec": 6,
        "requires": {
            "python_version": "3.10"
        },
        "sources": [
            {
                "name": "pypi",
                "url": "https://pypi.org/simple",
                "verify_ssl": true
            }
        ]
    },
    "default": {
        "certifi": {
            "hashes": [
                "sha256:35824b4c3a97115964b408844d64aa14db1cc518f6562e8d7261699d1350a9e3",
                "sha256:4ad3232f5e926d6718ec31cfc1fcadfde020920e278684144551c91769c7bc18"
            ],
            "index": "pypi",
            "version": "==2022.12.7"
        },
        "charset-normalizer": {
            "hashes": [
                "sha256:2857e29ff0d34db842cd7ca3230549d1a697f96ee6d3fb071cfa6c7393832597",
                "sha256:6881edbebdb17b39b4eaaa821b438bf6eddffb4468cf344f09f89def34a8b1df"
            ],
            "markers": "python_version >= '3'",
            "version": "==2.0.12"
        },
        "idna": {
            "hashes": [
                "sha256:814f528e8dead7d329833b91c5faa87d60bf71824cd12a7530b5526063d02cb4",
                "sha256:90b77e79eaa3eba6de819a0c442c0b4ceefc341a7a2ab77d7562bf49f425c5c2"
            ],
            "markers": "python_version >= '3'",
            "version": "==3.4"
        },
        "levenshtein": {
            "hashes": [
                "sha256:009460c0c39032dbc6d0dbde0fb7bd04c03b606d90b5e3485a0d8e7a31787b52",
                "sha256:0de8e832ef06ef180b7d1c1879141bd8cc1132e5402a0e3459576988628ac589",
                "sha256:1313b17f28485cc8647bdfc2150f6993aaae562c971267c4ffa7d4e330f5145a",
                "sha256:17fc2fca012a5e3c0dae500f0c581bf78050189c4aa368153e715a08e0acf714",
                "sha256:18f1976ed2e834bf77e4d4b18b0d403496c7b39573e027d774c2c5b2842a7732",
                "sha256:1ad95c0f2eb7610d8e301ff9f30a80f02f49587e7039c98edd910d47b72339b2",
                "sha256:1ccd594bfcfa81e7de4370b4de3fd648098c6d51c6e4aaf3f362ad401efbf591",
                "sha256:1d2b0852186cce6bf2495225c63bfaa6c93cdf3ae9af6bfb12b2641446a07713",
                "sha256:28b43dde3a0606b8834a807b035565bb7926a1461dccc8e47d303d24e94e3748",
                "sha256:2e08fb872385f32190c7071a60526b02e1fc17c81ac4b62002ccd7f97536b110",
                "sha256:35b19bd4f9e774f9405f99aff4b443af396f4b2ba7b26f75984a1adbca26339e",
                "sha256:360a1c23a0e87cd34e9c9da3a9cd8bc5a3e179d12a094db5be395f986ecff9e5",
                "sha256:38596b1ce50fbfe75f043e542557ba76a8112828f561e4c6e1e1a005552088f2",
                "sha256:3bc4d4cbb3cab23db38b10fdca00c61b50be253e26e962b1a4268c96743b3e17",
                "sha256:3df1ef5cade58dfb9fa0036ef36c8a66fce387a39466fe03c8bed5eb55f5eaa3",
                "sha256:46413b0f6a921a985ce48126959eff3e0d2c8fbb4cba54447b20c3c482714509",
                "sha256:49f9bbab4417c3ed448e2a7a5f3c52a77e1658c64b0260f679fa47944da1a1e8",
                "sha256:4a1097a7e88e74fc59561e36a8816b29dadce870821c358f2ff13ddbc74111e9",
                "sha256:58c7923781293b902ece8ff79365fa08cfd6a6578115fa47def4869aa000767d",
                "sha256:659da46f9e16ae7467b543f3a62598b2019757c9f25516186c1c37f5af2784d8",
                "sha256:667220edab4d336a85b938dc4620424950a7f3e82f86e83132587cfd842458b8",
                "sha256:699ee235b5dce88105ea475ddf17a5b765ad3300c143fb850e6c99eb67637e9e",
                "sha256:7090a85521829e3e577963fed4413cb6cb0cf91b7d52dbd8efc21a65f57e7380",
                "sha256:71dd80a5cc6d85dd478efc5c949ab40f550c29ff4cccebbc22a9ac76daa24ed1",
                "sha256:76c04292b9f599bb7167dda11fbd9de95c5d7398dc7c1e0c8789685257bae0a6",
                "sha256:87aedc94bab1f9cff01d0b79bb05d714bbbb0d6540d9ad03e906f32e72db3d57",
                "sha256:8fc66a9e6d166edd1b98e0d4d1cf369bbb270fdc99d00ea0797386371aec9907",
                "sha256:91c9e7e4ad1c68e03df9a46a35c971f54afe9565d356d3d76502cfee111607f4",
                "sha256:931982c924d6893ee7d261e63fa3ac772c2c41264b2176f6e4aab812479dbba0",
                "sha256:9e83b4df9b96507dc3d51ef80849c8fc9abffecb30760ae627d4839b26adb749",
                "sha256:9f56f92bc676a8722052773d25a2f8df79fc2b1adc213e34975598a1103fede1",
                "sha256:a43074f525ed619be164bf734d4f478d3f168a2bb2466de426aa2d8ebedbda04",
                "sha256:a6952a66b56e79b12c4915de19efea03e4dcda3d0ae63be6ebac697091440f2c",
                "sha256:a6b24c2ec34248c593a0d3e203565efc2991b678b6882bb3837cbd9e1e30859b",
                "sha256:b07438451dd6c2b2884385ceebb1df1bb05cff4d424ccb9faae04c9d3813f625",
                "sha256:bd4ec38b41a78a7b5b0df91a80e9eff1a6bf45e13b1de19211d8404f693ad6f8",
                "sha256:c24c2dc2bd9b77b2af3f93035a1b33323cbb76f880f72638c292d270464f6753",
                "sha256:c6d801202f496159864044ddbdd9d98af7ade702f602e90bb6e1477d8d711292",
                "sha256:c9bda0d6daaec0635f4562eec00e68f3d289557c4259e8c8277b6942108764e8",
                "sha256:cdb13e975cc23d927fdef2edda6635b43e420abd351be049abd5049e9c678bda",
                "sha256:cfef7f2cb5406c57fcd764255476e6f073339c64eeed77b1642dc636a45af3e9",
                "sha256:d5870b203b06fd1e16ff3d923898b260f7af3827fc0b1f768ce40d0305cb68d5",
                "sha256:dd55fb26bb8252050e391db4f506f4fe57d537026191f8eda45c3f73e0d6c937",
                "sha256:ddfdad88ae6539f22d1baeeea2c4137b7d4f2fad5a4cb4e81d9d15bf5ea02e01",
                "sha256:e2c4c116eeecce0e963518ee485510c21efe4d39e5ed180c2eb059fdaf31267c",
                "sha256:e4f137d27c6eec86483c6d2e872339d3ac77942947c2a94a141607e352e50961",
                "sha256:e669f603c38a98681572cb53e866d33db62b884a28ae348bebd234afa01a783c",
                "sha256:f0e9216b10981ce7357008b321b212349f15e60ad837af70df4718d59d306592",
                "sha256:f11521080952625676b0b43b99a49e1e955ce2c5be43b148a7c838f3fc411eea",
                "sha256:f1df012108880a962b44f714be0cecb1436db6fd21640888e8083a424fa2d32e",
                "sha256:f4e023d5bfacc11d62ad901bf6f02742112828eab120390ab3c1f86b4457b24f",
                "sha256:fa2cab500a976151b7f573e115c63d020cbd2c8f9d235fb7de84deff620e0375",
                "sha256:fdc76bbf7c0633270af4d380feadaed4d1f9ec1c851525c09717d152134d1f4e"
            ],
            "index": "pypi",
            "version": "==0.18.1"
        },
        "lxml": {
            "hashes": [
                "sha256:078306d19a33920004addeb5f4630781aaeabb6a8d01398045fcde085091a169",
                "sha256:0c1978ff1fd81ed9dcbba4f91cf09faf1f8082c9d72eb122e92294716c605428",
                "sha256:1010042bfcac2b2dc6098260a2ed022968dbdfaf285fc65a3acf8e4eb1ffd1bc",
                "sha256:1d650812b52d98679ed6c6b3b55cbb8fe5a5460a0aef29aeb08dc0b44577df85",
                "sha256:20b8a746a026017acf07da39fdb10aa80ad9877046c9182442bf80c84a1c4696",
                "sha256:2403a6d6fb61c285969b71f4a3527873fe93fd0abe0832d858a17fe68c8fa507",
                "sha256:24f5c5ae618395ed871b3d8ebfcbb36e3f1091fd847bf54c4de623f9107942f3",
                "sha256:28d1af847786f68bec57961f31221125c29d6f52d9187c01cd34dc14e2b29430",
                "sha256:31499847fc5f73ee17dbe1b8e24c6dafc4e8d5b48803d17d22988976b0171f03",
                "sha256:31ba2cbc64516dcdd6c24418daa7abff989ddf3ba6d3ea6f6ce6f2ed6e754ec9",
                "sha256:330bff92c26d4aee79c5bc4d9967858bdbe73fdbdbacb5daf623a03a914fe05b",
                "sha256:5045ee1ccd45a89c4daec1160217d363fcd23811e26734688007c26f28c9e9e7",
                "sha256:52cbf2ff155b19dc4d4100f7442f6a697938bf4493f8d3b0c51d45568d5666b5",
                "sha256:530f278849031b0eb12f46cca0e5db01cfe5177ab13bd6878c6e739319bae654",
                "sha256:545bd39c9481f2e3f2727c78c169425efbfb3fbba6e7db4f46a80ebb249819ca",
                "sha256:5804e04feb4e61babf3911c2a974a5b86f66ee227cc5006230b00ac6d285b3a9",
                "sha256:5a58d0b12f5053e270510bf12f753a76aaf3d74c453c00942ed7d2c804ca845c",
                "sha256:5f148b0c6133fb928503cfcdfdba395010f997aa44bcf6474fcdd0c5398d9b63",
                "sha256:5f7d7d9afc7b293147e2d506a4596641d60181a35279ef3aa5778d0d9d9123fe",
                "sha256:60d2f60bd5a2a979df28ab309352cdcf8181bda0cca4529769a945f09aba06f9",
                "sha256:6259b511b0f2527e6d55ad87acc1c07b3cbffc3d5e050d7e7bcfa151b8202df9",
                "sha256:6268e27873a3d191849204d00d03f65c0e343b3bcb518a6eaae05677c95621d1",
                "sha256:627e79894770783c129cc5e89b947e52aa26e8e0557c7e205368a809da4b7939",
                "sha256:62f93eac69ec0f4be98d1b96f4d6b964855b8255c345c17ff12c20b93f247b68",
                "sha256:6d6483b1229470e1d8835e52e0ff3c6973b9b97b24cd1c116dca90b57a2cc613",
                "sha256:6f7b82934c08e28a2d537d870293236b1000d94d0b4583825ab9649aef7ddf63",
                "sha256:6fe4ef4402df0250b75ba876c3795510d782def5c1e63890bde02d622570d39e",
                "sha256:719544565c2937c21a6f76d520e6e52b726d132815adb3447ccffbe9f44203c4",
                "sha256:730766072fd5dcb219dd2b95c4c49752a54f00157f322bc6d71f7d2a31fecd79",
                "sha256:74eb65ec61e3c7c019d7169387d1b6ffcfea1b9ec5894d116a9a903636e4a0b1",
                "sha256:7993232bd4044392c47779a3c7e8889fea6883be46281d45a81451acfd704d7e",
                "sha256:80bbaddf2baab7e6de4bc47405e34948e694a9efe0861c61cdc23aa774fcb141",
                "sha256:86545e351e879d0b72b620db6a3b96346921fa87b3d366d6c074e5a9a0b8dadb",
                "sha256:891dc8f522d7059ff0024cd3ae79fd224752676447f9c678f2a5c14b84d9a939",
                "sha256:8a31f24e2a0b6317f33aafbb2f0895c0bce772980ae60c2c640d82caac49628a",
                "sha256:8b99ec73073b37f9ebe8caf399001848fced9c08064effdbfc4da2b5a8d07b93",
                "sha256:986b7a96228c9b4942ec420eff37556c5777bfba6758edcb95421e4a614b57f9",
                "sha256:a1547ff4b8a833511eeaceacbcd17b043214fcdb385148f9c1bc5556ca9623e2",
                "sha256:a2bfc7e2a0601b475477c954bf167dee6d0f55cb167e3f3e7cefad906e7759f6",
                "sha256:a3c5f1a719aa11866ffc530d54ad965063a8cbbecae6515acbd5f0fae8f48eaa",
                "sha256:a9f1c3489736ff8e1c7652e9dc39f80cff820f23624f23d9eab6e122ac99b150",
                "sha256:aa0cf4922da7a3c905d000b35065df6184c0dc1d866dd3b86fd961905bbad2ea",
                "sha256:ad4332a532e2d5acb231a2e5d33f943750091ee435daffca3fec0a53224e7e33",
                "sha256:b2582b238e1658c4061ebe1b4df53c435190d22457642377fd0cb30685cdfb76",
                "sha256:b6fc2e2fb6f532cf48b5fed57567ef286addcef38c28874458a41b7837a57807",
                "sha256:b92d40121dcbd74831b690a75533da703750f7041b4bf951befc657c37e5695a",
                "sha256:bbab6faf6568484707acc052f4dfc3802bdb0cafe079383fbaa23f1cdae9ecd4",
                "sha256:c0b88ed1ae66777a798dc54f627e32d3b81c8009967c63993c450ee4cbcbec15",
                "sha256:ce13d6291a5f47c1c8dbd375baa78551053bc6b5e5c0e9bb8e39c0a8359fd52f",
                "sha256:db3535733f59e5605a88a706824dfcb9bd06725e709ecb017e165fc1d6e7d429",
                "sha256:dd10383f1d6b7edf247d0960a3db274c07e96cf3a3fc7c41c8448f93eac3fb1c",
                "sha256:e01f9531ba5420838c801c21c1b0f45dbc9607cb22ea2cf132844453bec863a5",
                "sha256:e11527dc23d5ef44d76fef11213215c34f36af1608074561fcc561d983aeb870",
                "sha256:e1ab2fac607842ac36864e358c42feb0960ae62c34aa4caaf12ada0a1fb5d99b",
                "sha256:e1fd7d2fe11f1cb63d3336d147c852f6d07de0d0020d704c6031b46a30b02ca8",
                "sha256:e9f84ed9f4d50b74fbc77298ee5c870f67cb7e91dcdc1a6915cb1ff6a317476c",
                "sha256:ec4b4e75fc68da9dc0ed73dcdb431c25c57775383fec325d23a770a64e7ebc87",
                "sha256:f10ce66fcdeb3543df51d423ede7e238be98412232fca5daec3e54bcd16b8da0",
                "sha256:f63f62fc60e6228a4ca9abae28228f35e1bd3ce675013d1dfb828688d50c6e23",
                "sha256:fa56bb08b3dd8eac3a8c5b7d075c94e74f755fd9d8a04543ae8d37b1612dd170",
                "sha256:fa9b7c450be85bfc6cd39f6df8c5b8cbd76b5d6fc1f69efec80203f9894b885f"
            ],
            "index": "pypi",
            "version": "==4.8.0"
        },
        "rapidfuzz": {
            "hashes": [
                "sha256:0f01d95700f00bc88ac84b2b933416a7ba188dc2b0280c87614012698e78ad39",
                "sha256:17e2c4d2965032eb918e5b0185d1b1822edfa5e1d7d2f327677dc02d1982e904",
                "sha256:1ee9ebf72535233bfe909c75c1edda1ff029e6f7cb046fc36d9ceff6767f180a",
                "sha256:2046376a36b6ea4729097cb91522a6fef0271a4cd1be205724202ac78f013b94",
                "sha256:22304c2ff91f94840c3a32e83076964b080786f4ba92cb7b99dcbc21e8f226b1",
                "sha256:249f6e5a57b6e810afd32e3836e2035a7d3a8ee4e04c1a0e6cc97cc215893fcb",
                "sha256:25e4af378b80bbf9e5f8ad2ee3132d9a2f16beb46bdfc98ddffb06268a56dade",
                "sha256:26aafff28c2638ec68fd9ce5103ad2482ef5ea8dfaff20c8417a083c7b73a481",
                "sha256:2763eea723c63f0b7c7c497f54cd25ab589872127cdbb4c9da749b3d5e355764",
                "sha256:2df2d6207fb354f751c644aecef12ea2b881a280d2998afc3aac5876aa17538e",
                "sha256:2e7adcc2e3929213f7337b41aff71d40ab674b9bbab1d70d21f0d4975cfe09e2",
                "sha256:33c540b6c0e34df13c5bd722ffc7738527642e1cee282cf6e4c8fd78d70346ba",
                "sha256:36a1c1d734b49f407ba7eb8929c37db458e9ab1afa752204474bd18eecc419ce",
                "sha256:3a2c3ae0dcb5c668be3a513c1783860db4a8b09a443cf087064a2fbdc21d0f84",
                "sha256:3b0ac50b17c2655e5816353130e1ff399ffc6426641dcd8e795a16e579ef57b2",
                "sha256:3e3ba0056fdee693694b916f7f2de903127a56ae020a6d58b7a7ddc38ccd81e3",
                "sha256:41fbee702a1f0646f92e7cd9344c65894eadbceb9db9e82b763293dc078fc8f4",
                "sha256:4773f5b2ea6b50ba2ddc91e01c6c1df86be4c2944d97075cf8362ed0049f3cde",
                "sha256:4ce3671c326d8bd5e33089fd5f62ce5b04fe25752250e655e0fb6685464fd3f1",
                "sha256:4eea58700abe0d9319b13a6799c8e6df62f00ba7e47052e71487d43a9b205285",
                "sha256:57808f19a5a75efa2034c7f89fdd96795f1e9a120fa84221095b3a9edf3a401b",
                "sha256:5a2faa716c5cbc66606164c0ed328f377999b0f223ee8ac8fb45eff3ebffd23f",
                "sha256:5c23533e846cf2ea5790bc14db422dec4a388002d259878ddc4dc58fabc7add1",
                "sha256:5e105c9173fd5678068e271eb2e824d60fe9d75d0ba2f2bb921abdc4b1fcc790",
                "sha256:6365aa163db96d20c7374e03ec62fc6b5c7c9dd25777c24d944a98281b83b831",
                "sha256:643e76cb678547ce9e9d58192907d62c99dfa312a817aaf12aefbefebf73848c",
                "sha256:6568e16362b9d6df3f9897cbf5f027711d4d9ff62a2675bdf18de9c2eb5ffe33",
                "sha256:67cc400e23aca3976068ad7fa4539a2c0236bbfd269ba56a927ff0f28cdf06ef",
                "sha256:6943c5c4ca584e95ffbbcf3bbd08f16e90c945ce79acfdd0dfe977f516b20c21",
                "sha256:6983a382d050c85809ac2fbbbce56ddae67a08b4f0cc85a86ae159826b576287",
                "sha256:6a344abd3b1f4f318e6f550069ac079af373a433221aaa18f10b5db76c8b89e3",
                "sha256:6d2e89c7449d75bec2fd8ac9ef60e5e00e86b520df9c40c64bd47c21a4b00251",
                "sha256:6fab75f3e910ca7758ec0bf0c865cf42aa9550925ab1fb9a4fc8e48b94c1c81c",
                "sha256:7349cbe1de1b3f902a6cdb0a834a5f6c7f17e081e56b7549db621634a8d72325",
                "sha256:74146b009f8ca4077cf528130c7e2d89bfc6260afca55d731b1991d8b089f71d",
                "sha256:7583f40fdae8f4710adfaa5adff6d0daae3eff6b244bd68adcf72a11450336f8",
                "sha256:7b7662463cf82072f8cf76fb313798c2cd3211df4e5fbb9d27a4317fc9783644",
                "sha256:7ba39bfba079a16f30008f0b01bb1cbe30550f291ccfbf9472f2bd9e8bc4ef3b",
                "sha256:7cee538458e921a4a94ef03f04ac7a618ec552e66d198b4e470e1f7b79c28f67",
                "sha256:817c20012d7a4a332ba17dd3720a4fd3b47271b5da05ab7ef58cfa5973ef4a27",
                "sha256:832479db73ed1936e09a4731f93f3588c719718759f4375c0b352088c55d5095",
                "sha256:85f5e8667b8e6cb7687c86374c60b133abdc76b2af24455172388c5d7ab2787b",
                "sha256:884840da5b5e43aea5a741c5b920826b07bc0896c8e569a1563e1824d77f408f",
                "sha256:8949404ebbc3ed8afd064b5109efea5fe20fffe81a0b8f9d221d860947830826",
                "sha256:895bd6805eec4f8479e509904334a85dd0cf6c8e3159119c5e20e69dcfa6ff59",
                "sha256:8ef9a9e9f73d088bec7f184f77e58c8da3fb08ade150c74425936fbaf67f6646",
                "sha256:8f739326df930dfd76105ec6a8facdf88439786dc307d9f8c8ccd48a4df04cc9",
                "sha256:8f831f031e7b07e75099030e9a56bff6a6e18ae7e9a3b8b6834715d1384353f0",
                "sha256:915e2b8ea1a1552cf9abe32b6b7d7f1f52b2c17aab3939b953920a6026a419e2",
                "sha256:91b7c0c9a8aa18eedab6df8fa028f82e73fb5b7e46b3a9935e625ea85859148c",
                "sha256:92e4e21cb8f435c37c6996ab4af655741867068d9dc8dbf56f30857a481aa282",
                "sha256:93b66fa0f6299ea51bbf3cef926bb7e040d625a0b000b9cc9bc0d65f0b92db16",
                "sha256:993342be2be3d7cb0511720bc2753dfcb47c41014967d6c8e067cd61cd70bf32",
                "sha256:a1cb2940c39af58be27e74029cb169c722fe60e8a30004039ed2fe8d57205c22",
                "sha256:a32d8fd485b27486cce562732986acbd5c770be88b79e3a2a6d57ae20f491919",
                "sha256:a78d70de1fa2412c3317ddd2dd545d060bd51641c02740e43f5711f22b5fe334",
                "sha256:ac30634247af8384acffe920b2f6db972d1a36d41bf48349189e550752d72e79",
                "sha256:b202979cbe08444f134547cecbbefb40b5dd078f2f747f9303d80ba9f5687564",
                "sha256:b216fdfabe152faf23549934ed8276da64e066294069c083bfa239723cae43be",
                "sha256:b30ad0e91d7635b0ea7236b13739c9b55af82b567432833d8ebab85aedb758eb",
                "sha256:b3d41b5eeb88e79c429a6fe13fc4b587b3876e16fc574715798a84865e72f6b5",
                "sha256:b84132b46afff57bf2ba7f4e0b6ac72514272fbc203e55ebe44d7838c06e0bb4",
                "sha256:be2f459f2c2427d0d7decf90c773a660ead34e3a9828fd80c6c8f8f32c0db5e3",
                "sha256:c07555830f7b432432ca56c3f465803f8c63e4d094e5ce792374e7de2c85dde5",
                "sha256:c0810d0c123fc876b3c7a88060b2a2f5d23bb35020f9466169a721561e8b8205",
                "sha256:c44102cfea3f1f94d4b5e7d4104fa8bafb7df7359ab701b96717019493f582ea",
                "sha256:c833780b8674d831400b656ea1d2744369e11002c2be2e9f4d2a4a7629d00cb8",
                "sha256:c9c8cd0866110c7dd9207ef3e9205f2945c9211e3171865e5b95b38712b9fc11",
                "sha256:cca3a522385917eb46e846c16fcc3e0807f53035e93b879f8a59fe80a604eda3",
                "sha256:cd8ca0e4e84d161330c3375cb2e7e29dbd451f7291873553822bb9f1453aed33",
                "sha256:d07a5a54e8346d6e8b91fd7183a936cadfb82888bb4bc46287e6252f699a82ce",
                "sha256:d8ce8b3fc3da7e77bda3b9195861c81909ab960f04e5828ba575f4f584f91bdc",
                "sha256:d994ea8b0c09922449f26190c8ff98dd065555bbe06ba8e6ea19081f33b45b13",
                "sha256:db5b3eaa21e0b1a7c8e2dc9bb07bc0d5bb4f89b3881a29f31cba22c863ff50a5",
                "sha256:db94901bcb9e0c437827f25c9dd400032ed107e05115b5df430573bcd4a84874",
                "sha256:dbd0bae2bf74fc8c76ed3c41ca5565bacf737ca92fb8ce3e2c0a4cc4aa9e58c1",
                "sha256:e0525371ffe671c5c44e87473a5c14e9de16cdcb8a7d9b101642ceb0b40042c0",
                "sha256:e4ebc235090cb63fb864f063c3c5230d69f40ab3642e85f1ea8bb7307483d729",
                "sha256:e61496e8e92dc267eb5331a16f129aca856a80c2dcb4130e454aa0bce0458a88",
                "sha256:e7828589704648e8caf43982ef5f4580b8af4cf6bde987c8ab2997f7337c9357",
                "sha256:e8926535c3b3dae1418e8bd4dbff7e8dd3cdec1327192f467bc76528c3c35f83",
                "sha256:f1f23a042b0a45b0a365597e20a22b6875a8bd968ab200b32cafeebab9194fd2",
                "sha256:f21819f131678fd89d501adc1a8727c88e193b6be5fb98e7e11059ee5f2705d9",
                "sha256:f4bbcbfd6088d2e38045163751bbf3557f634eb8bb5f71f03320a12c4cb0a254",
                "sha256:f4e3d7aa89951a23d0c8b81c145cc6956a6a1a4b81d865eb7922c123ae6d44de",
                "sha256:fa94f6de41047e23b1fd0a6fbcc441c9e91ede15385614d4880b91a6c4319315",
                "sha256:fcc43cc8a4ba7f103d4e5325cf867a9110aea40cea20957ca994c74d875b9a3f",
                "sha256:fd9a1dd6a0bc099ab614c6d644173d4ded27f43a483f483a3a6d98c8afdbf3e6",
                "sha256:ff65e787f12562a06bf3d0676064ff8653ce44f3502a76407bef202392b52a4b"
            ],
            "markers": "python_version >= '3.7'",
            "version": "==2.13.4"
        },
        "requests": {
            "hashes": [
                "sha256:68d7c56fd5a8999887728ef304a6d12edc7be74f1cfa47714fc8b414525c9a61",
                "sha256:f22fa1e554c9ddfd16e6e41ac79759e17be9e492b3587efa038054674760e72d"
            ],
            "index": "pypi",
            "version": "==2.27.1"
        },
        "urllib3": {
            "hashes": [
                "sha256:47cc05d99aaa09c9e72ed5809b60e7ba354e64b59c9c173ac3018642d8bb41fc",
                "sha256:c083dd0dce68dbfbe1129d5271cb90f9447dea7d52097c6e0126120c521ddea8"
            ],
            "markers": "python_version >= '2.7' and python_version not in '3.0, 3.1, 3.2, 3.3, 3.4, 3.5'",
            "version": "==1.26.13"
        }
    },
    "develop": {}
}
