{
    "_meta": {
        "hash": {
            "sha256": "d97813d271065b9a6479ecfac0a743f612ff67acd703437a382b429d4e5e6d8c"
        },
        "pipfile-spec": 6,
        "requires": {
            "python_version": "3.10"
        },
        "sources": [
            {
                "name": "pypi",
                "url": "https://pypi.org/simple",
                "verify_ssl": true
            }
        ]
    },
    "default": {
        "certifi": {
            "hashes": [
                "sha256:84c85a9078b11105f04f3036a9482ae10e4621616db313fe045dd24743a0820d",
                "sha256:fe86415d55e84719d75f8b69414f6438ac3547d2078ab91b67e779ef69378412"
            ],
            "markers": "python_version >= '3.6'",
            "version": "==2022.6.15"
        },
        "charset-normalizer": {
            "hashes": [
                "sha256:2857e29ff0d34db842cd7ca3230549d1a697f96ee6d3fb071cfa6c7393832597",
                "sha256:6881edbebdb17b39b4eaaa821b438bf6eddffb4468cf344f09f89def34a8b1df"
            ],
            "markers": "python_version >= '3'",
            "version": "==2.0.12"
        },
        "idna": {
            "hashes": [
                "sha256:84d9dd047ffa80596e0f246e2eab0b391788b0503584e8945f2368256d2735ff",
                "sha256:9d643ff0a55b762d5cdb124b8eaa99c66322e2157b69160bc32796e824360e6d"
            ],
            "markers": "python_version >= '3'",
            "version": "==3.3"
        },
        "jarowinkler": {
            "hashes": [
                "sha256:001147cff86b1655ef9ca7a9936aac41e0046383545e1ffc2593d8895d3dad8a",
                "sha256:049113f796b3646016977eae62ef4c3b780b8ecf4140571fa803946b1979c0b9",
                "sha256:05abaa7bb4d71bb4ab071689b1748dfe890d0dfefaa8a77c658fafdd29dd49cc",
                "sha256:0660418630c0f7622cc20e2d15456f1abcd670380d85f91ff4ebd26e6c296308",
                "sha256:0876d8b3c2955476a328a6cd86afa91f0226ec1f33a8deb1c1119933920171cd",
                "sha256:0aa1c94176e1b05fcfc2b8d7107c328888584adc07f4c828476f411783809261",
                "sha256:0de53ca5d3b36898482867c965a85054f33610100b31622bcda40b762661d50f",
                "sha256:0f365bb8d04b04be6e6251578782030086cf86a5fe52315319c050a641818107",
                "sha256:0f81ed8389e601aa2c6d4c69b48a416f338aa3c9f39f908d54c2e8d9b2b02bfa",
                "sha256:182bb480b6075f78cdf314b93869e6318fb9ecbdd9048691720dabce25e20ae3",
                "sha256:19ffd901466577b52a1796bae2e10a84ab2da65cffc099e999cf658d74131ddd",
                "sha256:1f6130b3dcc09fe901691cc9281b8688f90e140ff63dc04a10e092432268ac62",
                "sha256:20130274a54c1973d975c03f05352508d58a00a465fdb24db2e479f42f32e380",
                "sha256:2020fe6b8a1baa28852a992541f68ce7b95611e0c71df503976159f030d0f307",
                "sha256:210150f9785568e17cc8359d8856fd07a2d024bc944e837b20f81efa2b2b6e45",
                "sha256:2384c7a214d4c7a8f48f532998ffe042d0c0ac3ef9b5c1fe8f0f85f0394b5934",
                "sha256:273d6e7a6e4ba3c924f2f343a93c795427c908fafc5dfb0b5ddcf3029062c743",
                "sha256:2dd2192e0ad41e9f608895c8ab6984732ae7aa681469a2db8575568218d192b9",
                "sha256:33ab579b691514ca6278a31ab20d436e9557553c674cea92f93c374a6a71f9c4",
                "sha256:345c5ce68bfff506daedf08d00088469282a9ae3727a943483c3eaafb6b08491",
                "sha256:377666e07f8dfa3941fa544e4dcd63cfbe2f2e93fe474a7da918428dd55dfc25",
                "sha256:38fbcaeab565c6989fef8fb18193166573d525bfefc5ebfee0a56111c04d90d2",
                "sha256:3c56f7b7147e430b5bb16a1930f21c19cf30ab1a122793ecec4cbac8d8f85bb4",
                "sha256:3d1cee23935c54ba897e78b659d98be2a9289b45bdc834bb86999f5baae46f3c",
                "sha256:41778b560b7d48d1bfde2cc27f69545a97f9e4188241b129cbb493cc75f8e376",
                "sha256:429adc01fcb3c0e435fe9f4c1738d00e72047ce9e296470cff39afb7abf72e85",
                "sha256:473be4543492ec054abbc4d22c559994d0dc7ae1de51ae0fdacbd1085af305d9",
                "sha256:481e192aa1665707a09e6eeb4b15e5afd9f13c642711d50fac7b1326d2576a08",
                "sha256:4b2b0036f331d54c461f08a3ee0f26fdd7abd738d9d7f34ce6c4f1281262697a",
                "sha256:4d8bff1416c59cb9ddb595c3a54cadfe266cb5984836f69ad8fb591c8916d77e",
                "sha256:4edce2fb3c6a38627398eeb1aa555de9d0a0a7201affe5e0bce0472dd84fc234",
                "sha256:5c515a61b7139f4e1b60eafcbc36a47c40fdf8eb5833dc50f9b0c3a94e128281",
                "sha256:5e3fd420be421df50481a790c3268588c2d1c1e41a9d6a810d45d89ef377f0c4",
                "sha256:5e695c78ff77109e52d2bf61b83aa68933452386b8b4a0a3f9a6c87060233102",
                "sha256:6027630ea0fb03f697c2ca832192e96a3f1ecaaaefae55013423b83bf477e668",
                "sha256:62c052fffe815f96dd2c8b83d442d7db8bca0de94e3bda35426a607c2e26a7ea",
                "sha256:6c7846714dd8d2e7eca1f36d8c8bb39e6fc8cf8f65beae5829703ad88024570d",
                "sha256:6f43f5480d594ac992a55fd94ed24918baff0e9087fc1e3ec10209d8eb3c1254",
                "sha256:75106cea91de960f1daa4d1497e58f5bccda05b4ee38c0fd107e03992af3296e",
                "sha256:826f73bd5e4b5d3ac5c978947ef622f87aa1ba2dc2ab85bc0aa29ade40390155",
                "sha256:8429462a6cb7d86d32965cf85dc5aa57bb60a6e3180ae564158ff087b8551e87",
                "sha256:84669c615e7efc475f998678ce3f6e5733a2239d0965b50185e0cbc4fadae5a2",
                "sha256:84f5c0db755c5fa9c222186fa934378a7ceec38dd9d45b7f18f22fa12f221750",
                "sha256:85bfee97229ea381bfdb1bea0f30f7cac28101130d39641667c255b3cffafc19",
                "sha256:8704e9ce8512410bed42cc99232ade7040255607aa100d34a75b79222158ba9d",
                "sha256:8754ce7ad822c988aaadedd8fb143e5b1ded5d380fe4dc168d50f90eb6c0d759",
                "sha256:890f8ead5f997392b540573c116877711917b161f556f2dca4e0fb53116d0667",
                "sha256:8b19fa5d4680039f7c7bd994e99d9938d777ea6727aa81506f5a6315c46bb14d",
                "sha256:8f4e8cee79bcb78c13dd5c81f83b7a3a5bdbcd1fcd3bd28e77b77a91d8fd173d",
                "sha256:8fb56002483c25b636fd0e770c18e3f60a2b40b54d00856221b64cc5ca3495b0",
                "sha256:983da7d60257aacb4fca7a373807347ea092ca476abdb8d22e4ce823c5e4a97c",
                "sha256:9cb415fa5b77328349931983b199877841fd39f52237c3c79f55f2fc789abcc0",
                "sha256:9d56516e2469e891d0a5adb8a96afd6e9c4a60cda12c6dc29dc939767689e1ad",
                "sha256:9f784211ce6c3fcd79cf3bd63e873bb32a64d1d9568bbd54dc013ad7f561c19f",
                "sha256:a166417e99478f96cf015bb2e5ec6829641376313b1de649fb3cc57d8e14b85e",
                "sha256:a1c84e5ea24ed0fa518e070b2db8f2ea516be4de1e1d110300bf38bdacc21954",
                "sha256:a53a49edecdf9025fcc131670ecac37cbf38f9b46978dc838e13dab447c84e50",
                "sha256:a6b404a00ccfbf5f2c757d73b8923231d72873f18e35cefea617ff0cd10a2756",
                "sha256:aa226d29201dad890a06cd95f98de7ae5cded6845a50ba850da270da8d7d55a4",
                "sha256:aed4b4827113dd23dec3616dbe00aca8d4e58f9babcb4e3c656ed45597fcf5a5",
                "sha256:af2505c99e7a3a77489693e06647c84f31a9d84cc31cd10a719391209643188e",
                "sha256:b2234def2b43fe1e90321e4dee28212f113b11e1329660bab7beaa8ece47cc8a",
                "sha256:b3d3e6c178be58993cb47c4643c39074155bd10b40961f0e0dbc7b0fdf61ab16",
                "sha256:b8463ea7501316d6de2825c563e6783ee0f09c3944863714815711f1b70a1546",
                "sha256:b8a34bc615cf72b876ce274dc9ab774ffb4b41e12791a9b569b222b143d00cc4",
                "sha256:bb3fbab853f9e4100d1cae5303f29b85094b87537d694c3e4943b17be0f6a5d3",
                "sha256:c15b33b5eeedc9b7aa298d71b705cb1f1b114cdd0f79ef2b4b5397726a25ace6",
                "sha256:c2b2f8476d2fc06b838c54f1bbe4625e81f1dc932a728b44519cf7731f5f8200",
                "sha256:c3fc831fabd10fb6b6af4b24c86dcb1379c25aaeac11cc6d0ce5edd02864032d",
                "sha256:c48d292b5b461e8ad4475295b67ef2ad8f5bf9d033148329117e4b6aa5fa8934",
                "sha256:c59f0ed454728325d73d33474c6ef3c5ed7630dc285c7b9a7f2d6a7908ddcf11",
                "sha256:c9c6b2ac03f176e6812af9634e17709d657e75910c681fa4ccab76beac27486a",
                "sha256:cff0c84e30757525226ce234505e1e18220c6755ea6c9d703e67db68bb505d29",
                "sha256:d80624d4be1a0496bf0416b3441ce81dbb3765f5640dd80943318350c5f9b0f8",
                "sha256:d845c35fdd2d2b65a660977cd003d9c3421c2bdf4cbb4e4a803ec24b61ffa714",
                "sha256:d89ede960179b1f8b03f1fa24dcf6cc4050d8788f6a5087530cc16f123b36a3d",
                "sha256:e5fac6be2935535df8576add20fd394f82e6bf84a2ce5153bb16bdb8abbbad06",
                "sha256:ebabcb81a88aa6e9b3180edc72b1636455a63dd5e2138f4585983c6ef7e03a0f",
                "sha256:ee3f92d934c490f6761858735dca3b1317002e7c68f615773a4d0d6da865aece",
                "sha256:f1398a1dec0e0ba30a10c577263578e0eb98a723cbc2a69a52873b126e310474",
                "sha256:f2ec9706531ce7d0144a53d29ff27e3d01f52445f188329b1ad662c4895826f6",
                "sha256:f3504e53ff0894691fbc1bf8682e7601496f16002a7f9e74ec26af52efb1f4cf",
                "sha256:fd5fd8482814f5159c3cec08e1460f8dc22b7853173ec332115a28fa42ca7233",
                "sha256:fe1f8acebbf791aaf99b43a71fe0f0cd604fc5caf3a00b80f952effa83424b15"
            ],
            "markers": "python_version >= '3.6'",
            "version": "==1.1.0"
        },
        "levenshtein": {
            "hashes": [
                "sha256:009460c0c39032dbc6d0dbde0fb7bd04c03b606d90b5e3485a0d8e7a31787b52",
                "sha256:0de8e832ef06ef180b7d1c1879141bd8cc1132e5402a0e3459576988628ac589",
                "sha256:1313b17f28485cc8647bdfc2150f6993aaae562c971267c4ffa7d4e330f5145a",
                "sha256:17fc2fca012a5e3c0dae500f0c581bf78050189c4aa368153e715a08e0acf714",
                "sha256:18f1976ed2e834bf77e4d4b18b0d403496c7b39573e027d774c2c5b2842a7732",
                "sha256:1ad95c0f2eb7610d8e301ff9f30a80f02f49587e7039c98edd910d47b72339b2",
                "sha256:1ccd594bfcfa81e7de4370b4de3fd648098c6d51c6e4aaf3f362ad401efbf591",
                "sha256:1d2b0852186cce6bf2495225c63bfaa6c93cdf3ae9af6bfb12b2641446a07713",
                "sha256:28b43dde3a0606b8834a807b035565bb7926a1461dccc8e47d303d24e94e3748",
                "sha256:2e08fb872385f32190c7071a60526b02e1fc17c81ac4b62002ccd7f97536b110",
                "sha256:35b19bd4f9e774f9405f99aff4b443af396f4b2ba7b26f75984a1adbca26339e",
                "sha256:360a1c23a0e87cd34e9c9da3a9cd8bc5a3e179d12a094db5be395f986ecff9e5",
                "sha256:38596b1ce50fbfe75f043e542557ba76a8112828f561e4c6e1e1a005552088f2",
                "sha256:3bc4d4cbb3cab23db38b10fdca00c61b50be253e26e962b1a4268c96743b3e17",
                "sha256:3df1ef5cade58dfb9fa0036ef36c8a66fce387a39466fe03c8bed5eb55f5eaa3",
                "sha256:46413b0f6a921a985ce48126959eff3e0d2c8fbb4cba54447b20c3c482714509",
                "sha256:49f9bbab4417c3ed448e2a7a5f3c52a77e1658c64b0260f679fa47944da1a1e8",
                "sha256:4a1097a7e88e74fc59561e36a8816b29dadce870821c358f2ff13ddbc74111e9",
                "sha256:58c7923781293b902ece8ff79365fa08cfd6a6578115fa47def4869aa000767d",
                "sha256:659da46f9e16ae7467b543f3a62598b2019757c9f25516186c1c37f5af2784d8",
                "sha256:667220edab4d336a85b938dc4620424950a7f3e82f86e83132587cfd842458b8",
                "sha256:699ee235b5dce88105ea475ddf17a5b765ad3300c143fb850e6c99eb67637e9e",
                "sha256:7090a85521829e3e577963fed4413cb6cb0cf91b7d52dbd8efc21a65f57e7380",
                "sha256:71dd80a5cc6d85dd478efc5c949ab40f550c29ff4cccebbc22a9ac76daa24ed1",
                "sha256:76c04292b9f599bb7167dda11fbd9de95c5d7398dc7c1e0c8789685257bae0a6",
                "sha256:87aedc94bab1f9cff01d0b79bb05d714bbbb0d6540d9ad03e906f32e72db3d57",
                "sha256:8fc66a9e6d166edd1b98e0d4d1cf369bbb270fdc99d00ea0797386371aec9907",
                "sha256:91c9e7e4ad1c68e03df9a46a35c971f54afe9565d356d3d76502cfee111607f4",
                "sha256:931982c924d6893ee7d261e63fa3ac772c2c41264b2176f6e4aab812479dbba0",
                "sha256:9e83b4df9b96507dc3d51ef80849c8fc9abffecb30760ae627d4839b26adb749",
                "sha256:9f56f92bc676a8722052773d25a2f8df79fc2b1adc213e34975598a1103fede1",
                "sha256:a43074f525ed619be164bf734d4f478d3f168a2bb2466de426aa2d8ebedbda04",
                "sha256:a6952a66b56e79b12c4915de19efea03e4dcda3d0ae63be6ebac697091440f2c",
                "sha256:a6b24c2ec34248c593a0d3e203565efc2991b678b6882bb3837cbd9e1e30859b",
                "sha256:b07438451dd6c2b2884385ceebb1df1bb05cff4d424ccb9faae04c9d3813f625",
                "sha256:bd4ec38b41a78a7b5b0df91a80e9eff1a6bf45e13b1de19211d8404f693ad6f8",
                "sha256:c24c2dc2bd9b77b2af3f93035a1b33323cbb76f880f72638c292d270464f6753",
                "sha256:c6d801202f496159864044ddbdd9d98af7ade702f602e90bb6e1477d8d711292",
                "sha256:c9bda0d6daaec0635f4562eec00e68f3d289557c4259e8c8277b6942108764e8",
                "sha256:cdb13e975cc23d927fdef2edda6635b43e420abd351be049abd5049e9c678bda",
                "sha256:cfef7f2cb5406c57fcd764255476e6f073339c64eeed77b1642dc636a45af3e9",
                "sha256:d5870b203b06fd1e16ff3d923898b260f7af3827fc0b1f768ce40d0305cb68d5",
                "sha256:dd55fb26bb8252050e391db4f506f4fe57d537026191f8eda45c3f73e0d6c937",
                "sha256:ddfdad88ae6539f22d1baeeea2c4137b7d4f2fad5a4cb4e81d9d15bf5ea02e01",
                "sha256:e2c4c116eeecce0e963518ee485510c21efe4d39e5ed180c2eb059fdaf31267c",
                "sha256:e4f137d27c6eec86483c6d2e872339d3ac77942947c2a94a141607e352e50961",
                "sha256:e669f603c38a98681572cb53e866d33db62b884a28ae348bebd234afa01a783c",
                "sha256:f0e9216b10981ce7357008b321b212349f15e60ad837af70df4718d59d306592",
                "sha256:f11521080952625676b0b43b99a49e1e955ce2c5be43b148a7c838f3fc411eea",
                "sha256:f1df012108880a962b44f714be0cecb1436db6fd21640888e8083a424fa2d32e",
                "sha256:f4e023d5bfacc11d62ad901bf6f02742112828eab120390ab3c1f86b4457b24f",
                "sha256:fa2cab500a976151b7f573e115c63d020cbd2c8f9d235fb7de84deff620e0375",
                "sha256:fdc76bbf7c0633270af4d380feadaed4d1f9ec1c851525c09717d152134d1f4e"
            ],
            "index": "pypi",
            "version": "==0.18.1"
        },
        "lxml": {
            "hashes": [
                "sha256:04da965dfebb5dac2619cb90fcf93efdb35b3c6994fea58a157a834f2f94b318",
                "sha256:0538747a9d7827ce3e16a8fdd201a99e661c7dee3c96c885d8ecba3c35d1032c",
                "sha256:0645e934e940107e2fdbe7c5b6fb8ec6232444260752598bc4d09511bd056c0b",
                "sha256:079b68f197c796e42aa80b1f739f058dcee796dc725cc9a1be0cdb08fc45b000",
                "sha256:0f3f0059891d3254c7b5fb935330d6db38d6519ecd238ca4fce93c234b4a0f73",
                "sha256:10d2017f9150248563bb579cd0d07c61c58da85c922b780060dcc9a3aa9f432d",
                "sha256:1355755b62c28950f9ce123c7a41460ed9743c699905cbe664a5bcc5c9c7c7fb",
                "sha256:13c90064b224e10c14dcdf8086688d3f0e612db53766e7478d7754703295c7c8",
                "sha256:1423631e3d51008871299525b541413c9b6c6423593e89f9c4cfbe8460afc0a2",
                "sha256:1436cf0063bba7888e43f1ba8d58824f085410ea2025befe81150aceb123e345",
                "sha256:1a7c59c6ffd6ef5db362b798f350e24ab2cfa5700d53ac6681918f314a4d3b94",
                "sha256:1e1cf47774373777936c5aabad489fef7b1c087dcd1f426b621fda9dcc12994e",
                "sha256:206a51077773c6c5d2ce1991327cda719063a47adc02bd703c56a662cdb6c58b",
                "sha256:21fb3d24ab430fc538a96e9fbb9b150029914805d551deeac7d7822f64631dfc",
                "sha256:27e590352c76156f50f538dbcebd1925317a0f70540f7dc8c97d2931c595783a",
                "sha256:287605bede6bd36e930577c5925fcea17cb30453d96a7b4c63c14a257118dbb9",
                "sha256:2aaf6a0a6465d39b5ca69688fce82d20088c1838534982996ec46633dc7ad6cc",
                "sha256:32a73c53783becdb7eaf75a2a1525ea8e49379fb7248c3eeefb9412123536387",
                "sha256:41fb58868b816c202e8881fd0f179a4644ce6e7cbbb248ef0283a34b73ec73bb",
                "sha256:4780677767dd52b99f0af1f123bc2c22873d30b474aa0e2fc3fe5e02217687c7",
                "sha256:4878e667ebabe9b65e785ac8da4d48886fe81193a84bbe49f12acff8f7a383a4",
                "sha256:487c8e61d7acc50b8be82bda8c8d21d20e133c3cbf41bd8ad7eb1aaeb3f07c97",
                "sha256:4beea0f31491bc086991b97517b9683e5cfb369205dac0148ef685ac12a20a67",
                "sha256:4cfbe42c686f33944e12f45a27d25a492cc0e43e1dc1da5d6a87cbcaf2e95627",
                "sha256:4d5bae0a37af799207140652a700f21a85946f107a199bcb06720b13a4f1f0b7",
                "sha256:4e285b5f2bf321fc0857b491b5028c5f276ec0c873b985d58d7748ece1d770dd",
                "sha256:57e4d637258703d14171b54203fd6822fda218c6c2658a7d30816b10995f29f3",
                "sha256:5974895115737a74a00b321e339b9c3f45c20275d226398ae79ac008d908bff7",
                "sha256:5ef87fca280fb15342726bd5f980f6faf8b84a5287fcc2d4962ea8af88b35130",
                "sha256:603a464c2e67d8a546ddaa206d98e3246e5db05594b97db844c2f0a1af37cf5b",
                "sha256:6653071f4f9bac46fbc30f3c7838b0e9063ee335908c5d61fb7a4a86c8fd2036",
                "sha256:6ca2264f341dd81e41f3fffecec6e446aa2121e0b8d026fb5130e02de1402785",
                "sha256:6d279033bf614953c3fc4a0aa9ac33a21e8044ca72d4fa8b9273fe75359d5cca",
                "sha256:6d949f53ad4fc7cf02c44d6678e7ff05ec5f5552b235b9e136bd52e9bf730b91",
                "sha256:6daa662aba22ef3258934105be2dd9afa5bb45748f4f702a3b39a5bf53a1f4dc",
                "sha256:6eafc048ea3f1b3c136c71a86db393be36b5b3d9c87b1c25204e7d397cee9536",
                "sha256:830c88747dce8a3e7525defa68afd742b4580df6aa2fdd6f0855481e3994d391",
                "sha256:86e92728ef3fc842c50a5cb1d5ba2bc66db7da08a7af53fb3da79e202d1b2cd3",
                "sha256:8caf4d16b31961e964c62194ea3e26a0e9561cdf72eecb1781458b67ec83423d",
                "sha256:8d1a92d8e90b286d491e5626af53afef2ba04da33e82e30744795c71880eaa21",
                "sha256:8f0a4d179c9a941eb80c3a63cdb495e539e064f8054230844dcf2fcb812b71d3",
                "sha256:9232b09f5efee6a495a99ae6824881940d6447debe272ea400c02e3b68aad85d",
                "sha256:927a9dd016d6033bc12e0bf5dee1dde140235fc8d0d51099353c76081c03dc29",
                "sha256:93e414e3206779ef41e5ff2448067213febf260ba747fc65389a3ddaa3fb8715",
                "sha256:98cafc618614d72b02185ac583c6f7796202062c41d2eeecdf07820bad3295ed",
                "sha256:9c3a88d20e4fe4a2a4a84bf439a5ac9c9aba400b85244c63a1ab7088f85d9d25",
                "sha256:9f36de4cd0c262dd9927886cc2305aa3f2210db437aa4fed3fb4940b8bf4592c",
                "sha256:a60f90bba4c37962cbf210f0188ecca87daafdf60271f4c6948606e4dabf8785",
                "sha256:a614e4afed58c14254e67862456d212c4dcceebab2eaa44d627c2ca04bf86837",
                "sha256:ae06c1e4bc60ee076292e582a7512f304abdf6c70db59b56745cca1684f875a4",
                "sha256:b122a188cd292c4d2fcd78d04f863b789ef43aa129b233d7c9004de08693728b",
                "sha256:b570da8cd0012f4af9fa76a5635cd31f707473e65a5a335b186069d5c7121ff2",
                "sha256:bcaa1c495ce623966d9fc8a187da80082334236a2a1c7e141763ffaf7a405067",
                "sha256:bd34f6d1810d9354dc7e35158aa6cc33456be7706df4420819af6ed966e85448",
                "sha256:be9eb06489bc975c38706902cbc6888f39e946b81383abc2838d186f0e8b6a9d",
                "sha256:c4b2e0559b68455c085fb0f6178e9752c4be3bba104d6e881eb5573b399d1eb2",
                "sha256:c62e8dd9754b7debda0c5ba59d34509c4688f853588d75b53c3791983faa96fc",
                "sha256:c852b1530083a620cb0de5f3cd6826f19862bafeaf77586f1aef326e49d95f0c",
                "sha256:d9fc0bf3ff86c17348dfc5d322f627d78273eba545db865c3cd14b3f19e57fa5",
                "sha256:dad7b164905d3e534883281c050180afcf1e230c3d4a54e8038aa5cfcf312b84",
                "sha256:e5f66bdf0976ec667fc4594d2812a00b07ed14d1b44259d19a41ae3fff99f2b8",
                "sha256:e8f0c9d65da595cfe91713bc1222af9ecabd37971762cb830dea2fc3b3bb2acf",
                "sha256:edffbe3c510d8f4bf8640e02ca019e48a9b72357318383ca60e3330c23aaffc7",
                "sha256:eea5d6443b093e1545ad0210e6cf27f920482bfcf5c77cdc8596aec73523bb7e",
                "sha256:ef72013e20dd5ba86a8ae1aed7f56f31d3374189aa8b433e7b12ad182c0d2dfb",
                "sha256:f05251bbc2145349b8d0b77c0d4e5f3b228418807b1ee27cefb11f69ed3d233b",
                "sha256:f1be258c4d3dc609e654a1dc59d37b17d7fef05df912c01fc2e15eb43a9735f3",
                "sha256:f9ced82717c7ec65a67667bb05865ffe38af0e835cdd78728f1209c8fffe0cad",
                "sha256:fe17d10b97fdf58155f858606bddb4e037b805a60ae023c009f760d8361a4eb8",
                "sha256:fe749b052bb7233fe5d072fcb549221a8cb1a16725c47c37e42b0b9cb3ff2c3f"
            ],
            "index": "pypi",
            "version": "==4.9.1"
        },
        "rapidfuzz": {
            "hashes": [
                "sha256:017c16ede1ac4e280ad4161fdab513e15f09a28b0d7e03c15be4ed926247e2c0",
                "sha256:19bb5976944a65210c425c8487a1383db5307c918de7a0988edddc2d9621dbc6",
                "sha256:21738c290aad390d592fca0feefced99a4cba55603999696b635906e0c045bad",
                "sha256:22d832762ed58e91996cde0744056bfc88b912e81e7353f548be079e0e875de9",
                "sha256:2ae119877108c83e0db61e627f9bb07ba42e83dbb8298a33038d24e4a3d7e6f3",
                "sha256:2cecdb5838caa46e5109f1ab24b9cb23fabc4f9b1e00f524808dede034b57ed2",
                "sha256:2e4a2368ac9cedf45437bb338e14606d0d6c531788f32b7a209b153ee2d28aa7",
                "sha256:397b5fbd35c0629539a49bbb85dd0510c5a1b8ca73068c3d60b6181d647a7e2b",
                "sha256:48494bfd3f8b2c74b567665671ae1cf2f140a51ac178008ffc73e50b00c8244b",
                "sha256:4cdb7ad70770a3d9342c1e2541a8cdf07629ba53464babe20b8236ef9a7ab0fd",
                "sha256:4e665b3fd86768b20ce2b4a467355dbbc5b0788665ba4406ba4c13eeea192a06",
                "sha256:53adbe15b0344d9c03a9f4d54245368df4af5c5b0811dc989ed0e1967b442778",
                "sha256:55e1553b37e9074b2aba15f59d76db130f9c05f7e77348c93799250d52778506",
                "sha256:58c94527abc60e6c0dd09f7914baf6389f7e75bcb77380e9e1b8df6325359584",
                "sha256:5d9de9ac2530a8ee1fdf18ecf5c102144444527147629dba5ab34feb367f786c",
                "sha256:60a92c7acd3474666e4c8ce67d298fec71ba5a4a9b1ee0b66aaa6a3b204f5e57",
                "sha256:652d9a06c91ad302217f0182171cdb5bfa06ed758d56cdf4443c7ffd25c23fb8",
                "sha256:6958f2842cb0c05f218a8fb4d40f4523f0c772e757e8fc32ccb84dc4e02c3ebf",
                "sha256:696baaaee711b623c8e8c73304152d65e852d5a8cd50db725e1d1c10abb16cba",
                "sha256:69dd34ac9afb395f8fd33358de46206c70de08f561f03e24aefbc6c171f776a4",
                "sha256:6bf76a89a252d4d12c9599e4db3abcace5150ee030febc1ea8d3e3dbf4b3b7b6",
                "sha256:6ea48bd32d0192b1de55d79685fc620529ca6a89e1a8ffa0cb2d2bf81f23130a",
                "sha256:7c1f85a86177c6a4f9a5cf7e6ef052a4e044b36f3e97980080e85b1c5d010566",
                "sha256:814519b923c771cd5057bac08698ae74707a160c390ed0ad743f08977b9b8faf",
                "sha256:83cb4f00c5df3ae01ec96f33c35e2c026e8c39c44410b6c0027420470176f056",
                "sha256:86d5f8d986319429b287463d2961bb8deacede5f24d10833324135537f224d20",
                "sha256:8a68c058dfc1ce30a59e11f4330ef7b8ad56ea7f26eef379f1527adeb9a670ce",
                "sha256:a2b5687ffdfad43c7d3f484f1b5755858d05ce3b7b04404ed6ab6d27b98feb70",
                "sha256:b8fce50329fe7ace1708bef373854165885645d701bff24514f0fee5428e00eb",
                "sha256:bd4d1ecdbfe315d4d403190b5092d6ac361d7ab4135f8e50cb756cff48d183db",
                "sha256:be5e6ce4ffd7a8e43b71e3e93b73f7feda110aec8b572d342599c589a21e848b",
                "sha256:c41fcb7155ef28f3574cafcc08598d8383645ac9de3ec4db6c181b888b33e6f9",
                "sha256:c9ad21a0e057d279ffed26b979401002af4c243e8a0fcacdbcbe00def7a4f939",
                "sha256:cfdf2e5faff11f1823583541592f066fce2145a180db0839ca9a8069f7959e70",
                "sha256:d4c9fdacddc25981264252f31605bcb93e2806df0ff643880b7689f6ab922d52",
                "sha256:d534607a419e6be8a3a182e4a4d6bc03fefeabacd9739588ef4dc652a7666f2f",
                "sha256:d7a38f175221d0604e78b0b1ba43337cf1f2e130edef6f819e77913e8a45be37",
                "sha256:e66e98687559d299ecfc97b166afbc2821a1801daf12ba5b80b57e0072689a3c",
                "sha256:e7528fe8640a17de39ce878088a420acb2588e5390f899f8cdd613ce57e0b1fe",
                "sha256:e9e912ad5fc5a3ab18ebe0e2084bac3d12bcbe0db182ba273c8fb098c0c981ed",
                "sha256:ea3147e4560b93c79aaf8c85ec74e53456ead8ac43dc2325728be74e2e0e435c",
                "sha256:eb4017a771fcd5e9902bbf9d9414be4c5944153bc673f48c8ad99209ad2e5e61",
                "sha256:ef12b7228df2da8c5e7e85ec1b44b156ed7e70977a8a2e2fa2dec6b68250e915",
                "sha256:f5f9221f4f446e76331e79461a9799736576d47588509bf9b36b0efd8a104ee8",
                "sha256:f6a35dceb8af55b75f004c19dfd125a496f530197894638ec449527bcace1974",
                "sha256:f6a608296a51208dfc771889afd090bb56575ce96c010d09fa3220d8a7611285"
            ],
            "markers": "python_version >= '3.6'",
            "version": "==2.1.2"
        },
        "requests": {
            "hashes": [
                "sha256:68d7c56fd5a8999887728ef304a6d12edc7be74f1cfa47714fc8b414525c9a61",
                "sha256:f22fa1e554c9ddfd16e6e41ac79759e17be9e492b3587efa038054674760e72d"
            ],
            "index": "pypi",
            "version": "==2.27.1"
        },
        "urllib3": {
            "hashes": [
                "sha256:44ece4d53fb1706f667c9bd1c648f5469a2ec925fcf3a776667042d645472c14",
                "sha256:aabaf16477806a5e1dd19aa41f8c2b7950dd3c746362d7e3223dbe6de6ac448e"
            ],
            "markers": "python_version >= '2.7' and python_version not in '3.0, 3.1, 3.2, 3.3, 3.4' and python_version < '4'",
            "version": "==1.26.9"
        }
    },
    "develop": {}
}
